
Microsoft Visual Studio Solution File, Format Version 12.00
# Visual Studio Version 17
VisualStudioVersion = 17.5.33627.172
MinimumVisualStudioVersion = 10.0.40219.1
Project("{9A19103F-16F7-4668-BE54-9A1E7A4F7556}") = "GuardiansOfTheGlobeApi", "GuardiansOfTheGlobeApi\GuardiansOfTheGlobeApi.csproj", "{75392316-3D68-47F7-85C7-A47D87092BC5}"
EndProject
Project("{E53339B2-1760-4266-BCC7-CA923CBCF16C}") = "docker-compose", "docker-compose.dcproj", "{E1CDD355-72EA-4701-9BDF-A2AF865A385B}"
EndProject
Global
	GlobalSection(SolutionConfigurationPlatforms) = preSolution
		Debug|Any CPU = Debug|Any CPU
		Release|Any CPU = Release|Any CPU
	EndGlobalSection
	GlobalSection(ProjectConfigurationPlatforms) = postSolution
		{75392316-3D68-47F7-85C7-A47D87092BC5}.Debug|Any CPU.ActiveCfg = Debug|Any CPU
		{75392316-3D68-47F7-85C7-A47D87092BC5}.Debug|Any CPU.Build.0 = Debug|Any CPU
		{75392316-3D68-47F7-85C7-A47D87092BC5}.Release|Any CPU.ActiveCfg = Release|Any CPU
		{75392316-3D68-47F7-85C7-A47D87092BC5}.Release|Any CPU.Build.0 = Release|Any CPU
		{E1CDD355-72EA-4701-9BDF-A2AF865A385B}.Debug|Any CPU.ActiveCfg = Debug|Any CPU
		{E1CDD355-72EA-4701-9BDF-A2AF865A385B}.Debug|Any CPU.Build.0 = Debug|Any CPU
		{E1CDD355-72EA-4701-9BDF-A2AF865A385B}.Release|Any CPU.ActiveCfg = Release|Any CPU
		{E1CDD355-72EA-4701-9BDF-A2AF865A385B}.Release|Any CPU.Build.0 = Release|Any CPU
	EndGlobalSection
	GlobalSection(SolutionProperties) = preSolution
		HideSolutionNode = FALSE
	EndGlobalSection
	GlobalSection(ExtensibilityGlobals) = postSolution
		SolutionGuid = {F70A76CE-017D-4111-9672-B33F9E247B28}
	EndGlobalSection
EndGlobal
